
Microsoft Visual Studio Solution File, Format Version 12.00
# Visual Studio Version 16
VisualStudioVersion = 16.0.30907.101
MinimumVisualStudioVersion = 10.0.40219.1
Project("{FAE04EC0-301F-11D3-BF4B-00C04F79EFBC}") = "GoodTimePDFConverter", "GoodTimePDFConverter\GoodTimePDFConverter.csproj", "{358AF992-8B2D-4D08-BD2F-DAEF5A8FD5B0}"
EndProject
Project("{54435603-DBB4-11D2-8724-00A0C9A8B90C}") = "InstaladorDotNetPDFConverter", "InstaladorDotNetPDFConverter\InstaladorDotNetPDFConverter.vdproj", "{BBB947E2-D318-41FF-B62C-2ABE5C9E79F1}"
EndProject
Global
	GlobalSection(SolutionConfigurationPlatforms) = preSolution
		Debug|Any CPU = Debug|Any CPU
		Release|Any CPU = Release|Any CPU
	EndGlobalSection
	GlobalSection(ProjectConfigurationPlatforms) = postSolution
		{358AF992-8B2D-4D08-BD2F-DAEF5A8FD5B0}.Debug|Any CPU.ActiveCfg = Debug|Any CPU
		{358AF992-8B2D-4D08-BD2F-DAEF5A8FD5B0}.Debug|Any CPU.Build.0 = Debug|Any CPU
		{358AF992-8B2D-4D08-BD2F-DAEF5A8FD5B0}.Release|Any CPU.ActiveCfg = Release|Any CPU
		{358AF992-8B2D-4D08-BD2F-DAEF5A8FD5B0}.Release|Any CPU.Build.0 = Release|Any CPU
		{BBB947E2-D318-41FF-B62C-2ABE5C9E79F1}.Debug|Any CPU.ActiveCfg = Debug
		{BBB947E2-D318-41FF-B62C-2ABE5C9E79F1}.Release|Any CPU.ActiveCfg = Release
	EndGlobalSection
	GlobalSection(SolutionProperties) = preSolution
		HideSolutionNode = FALSE
	EndGlobalSection
	GlobalSection(ExtensibilityGlobals) = postSolution
		SolutionGuid = {4B8D3DAB-7F62-43C7-BCFD-C266324927E5}
	EndGlobalSection
EndGlobal
